
Microsoft Visual Studio Solution File, Format Version 12.00
# Visual Studio Version 17
VisualStudioVersion = 17.8.34309.116
MinimumVisualStudioVersion = 10.0.40219.1
Project("{FAE04EC0-301F-11D3-BF4B-00C04F79EFBC}") = "GreenThumb", "GreenThumb\GreenThumb.csproj", "{4164B5E3-926C-47CF-92F0-DCEAE415153C}"
EndProject
Global
	GlobalSection(SolutionConfigurationPlatforms) = preSolution
		Debug|Any CPU = Debug|Any CPU
		Release|Any CPU = Release|Any CPU
	EndGlobalSection
	GlobalSection(ProjectConfigurationPlatforms) = postSolution
		{4164B5E3-926C-47CF-92F0-DCEAE415153C}.Debug|Any CPU.ActiveCfg = Debug|Any CPU
		{4164B5E3-926C-47CF-92F0-DCEAE415153C}.Debug|Any CPU.Build.0 = Debug|Any CPU
		{4164B5E3-926C-47CF-92F0-DCEAE415153C}.Release|Any CPU.ActiveCfg = Release|Any CPU
		{4164B5E3-926C-47CF-92F0-DCEAE415153C}.Release|Any CPU.Build.0 = Release|Any CPU
	EndGlobalSection
	GlobalSection(SolutionProperties) = preSolution
		HideSolutionNode = FALSE
	EndGlobalSection
	GlobalSection(ExtensibilityGlobals) = postSolution
		SolutionGuid = {6D121CAD-31B8-4D6D-B0E1-A9F14A90C308}
	EndGlobalSection
EndGlobal
